lockfileVersion: '6.0'

settings:
  autoInstallPeers: true
  excludeLinksFromLockfile: false

devDependencies:
  miniprogram-api-typings:
    specifier: ^3.12.1
    version: 3.12.1

packages:

  /miniprogram-api-typings@3.12.1:
    resolution: {integrity: sha512-ewXOEqLGIgqQSy4wbaCHq47sfDsC/hQhO9QVzTQTCKNf9x691AwADHorfCTfVLXDVkOjbbLmJ086M3Dv7hKcXw==}
    dev: true
