lockfileVersion: '6.0'

settings:
  autoInstallPeers: true
  excludeLinksFromLockfile: false

devDependencies:
  miniprogram-api-typings:
    specifier: ^3.12.0
    version: 3.12.0

packages:

  /miniprogram-api-typings@3.12.0:
    resolution: {integrity: sha512-tE0zjq+3bFEgUROzCjXTdtLY+FmqiTX4kZWXc8bCC7M9wSHCriBz+ga1E2i1PcI+DQJoz2cyK8Cv2exJv6XEzA==}
    dev: true
