# THIS IS AN AUTOGENERATED FILE. DO NOT EDIT THIS FILE DIRECTLY.
# yarn lockfile v1


miniprogram-api-typings@^3.11.0:
  version "3.11.0"
  resolved "https://registry.npmmirror.com/miniprogram-api-typings/-/miniprogram-api-typings-3.11.0.tgz#ff805beeca60a9a354251dbef3d986f867752db4"
  integrity sha512-jMYeqEOGZc1dq7MR8Zu1tj1zmzlvATlvsUb7eFaTYk8LoBVrbgdGUWwVjAmFFNjNdiUaokceGeJaByAa5QYpKw==
