# THIS IS AN AUTOGENERATED FILE. DO NOT EDIT THIS FILE DIRECTLY.
# yarn lockfile v1


"@vant/weapp@^1.10.23":
  version "1.10.23"
  resolved "https://registry.npmmirror.com/@vant/weapp/-/weapp-1.10.23.tgz#abf844048a726f2ffb65d201cffb143fe4b4530e"
  integrity sha512-Lqlc0oT89AxR8e4uLmP59xkI1KkWSTWKWV9kXM17CJz55eL0fPMo5jd0d132KpcfRmiwIOVr7TwK8u8v6XIhlg==

miniprogram-api-typings@^3.11.0:
  version "3.11.0"
  resolved "https://registry.npmmirror.com/miniprogram-api-typings/-/miniprogram-api-typings-3.11.0.tgz#ff805beeca60a9a354251dbef3d986f867752db4"
  integrity sha512-jMYeqEOGZc1dq7MR8Zu1tj1zmzlvATlvsUb7eFaTYk8LoBVrbgdGUWwVjAmFFNjNdiUaokceGeJaByAa5QYpKw==
